
Microsoft Visual Studio Solution File, Format Version 12.00
# Visual Studio Version 16
VisualStudioVersion = 16.0.30804.86
MinimumVisualStudioVersion = 10.0.40219.1
Project("{9A19103F-16F7-4668-BE54-9A1E7A4F7556}") = "Business", "Business\Business.csproj", "{AADA5875-A703-4708-B237-53CC6BBA8DFC}"
EndProject
Project("{9A19103F-16F7-4668-BE54-9A1E7A4F7556}") = "Core", "Core\Core.csproj", "{796D5EF7-91ED-4F12-B65E-83C1B1357908}"
EndProject
Project("{9A19103F-16F7-4668-BE54-9A1E7A4F7556}") = "DataAccess", "DataAccess\DataAccess.csproj", "{9CFA7063-66CC-4B98-8854-EFC79411E52B}"
EndProject
Project("{9A19103F-16F7-4668-BE54-9A1E7A4F7556}") = "Entities", "Entities\Entities.csproj", "{56BC70EB-BF6E-4D6F-9847-2864FF533A60}"
EndProject
Project("{FAE04EC0-301F-11D3-BF4B-00C04F79EFBC}") = "WebAPI", "WebAPI\WebAPI.csproj", "{3F18A08E-E38A-42E9-A9AC-3C60F2CFE2B3}"
EndProject
Global
	GlobalSection(SolutionConfigurationPlatforms) = preSolution
		Debug|Any CPU = Debug|Any CPU
		Release|Any CPU = Release|Any CPU
	EndGlobalSection
	GlobalSection(ProjectConfigurationPlatforms) = postSolution
		{AADA5875-A703-4708-B237-53CC6BBA8DFC}.Debug|Any CPU.ActiveCfg = Debug|Any CPU
		{AADA5875-A703-4708-B237-53CC6BBA8DFC}.Debug|Any CPU.Build.0 = Debug|Any CPU
		{AADA5875-A703-4708-B237-53CC6BBA8DFC}.Release|Any CPU.ActiveCfg = Release|Any CPU
		{AADA5875-A703-4708-B237-53CC6BBA8DFC}.Release|Any CPU.Build.0 = Release|Any CPU
		{796D5EF7-91ED-4F12-B65E-83C1B1357908}.Debug|Any CPU.ActiveCfg = Debug|Any CPU
		{796D5EF7-91ED-4F12-B65E-83C1B1357908}.Debug|Any CPU.Build.0 = Debug|Any CPU
		{796D5EF7-91ED-4F12-B65E-83C1B1357908}.Release|Any CPU.ActiveCfg = Release|Any CPU
		{796D5EF7-91ED-4F12-B65E-83C1B1357908}.Release|Any CPU.Build.0 = Release|Any CPU
		{9CFA7063-66CC-4B98-8854-EFC79411E52B}.Debug|Any CPU.ActiveCfg = Debug|Any CPU
		{9CFA7063-66CC-4B98-8854-EFC79411E52B}.Debug|Any CPU.Build.0 = Debug|Any CPU
		{9CFA7063-66CC-4B98-8854-EFC79411E52B}.Release|Any CPU.ActiveCfg = Release|Any CPU
		{9CFA7063-66CC-4B98-8854-EFC79411E52B}.Release|Any CPU.Build.0 = Release|Any CPU
		{56BC70EB-BF6E-4D6F-9847-2864FF533A60}.Debug|Any CPU.ActiveCfg = Debug|Any CPU
		{56BC70EB-BF6E-4D6F-9847-2864FF533A60}.Debug|Any CPU.Build.0 = Debug|Any CPU
		{56BC70EB-BF6E-4D6F-9847-2864FF533A60}.Release|Any CPU.ActiveCfg = Release|Any CPU
		{56BC70EB-BF6E-4D6F-9847-2864FF533A60}.Release|Any CPU.Build.0 = Release|Any CPU
		{3F18A08E-E38A-42E9-A9AC-3C60F2CFE2B3}.Debug|Any CPU.ActiveCfg = Debug|Any CPU
		{3F18A08E-E38A-42E9-A9AC-3C60F2CFE2B3}.Debug|Any CPU.Build.0 = Debug|Any CPU
		{3F18A08E-E38A-42E9-A9AC-3C60F2CFE2B3}.Release|Any CPU.ActiveCfg = Release|Any CPU
		{3F18A08E-E38A-42E9-A9AC-3C60F2CFE2B3}.Release|Any CPU.Build.0 = Release|Any CPU
	EndGlobalSection
	GlobalSection(SolutionProperties) = preSolution
		HideSolutionNode = FALSE
	EndGlobalSection
	GlobalSection(ExtensibilityGlobals) = postSolution
		SolutionGuid = {EB2CCD11-39EA-47C7-829C-86E84E228940}
	EndGlobalSection
EndGlobal
